
Microsoft Visual Studio Solution File, Format Version 12.00
# Visual Studio 14
VisualStudioVersion = 14.0.25420.1
MinimumVisualStudioVersion = 10.0.40219.1
Project("{FAE04EC0-301F-11D3-BF4B-00C04F79EFBC}") = "ShortenUrl", "ShortenUrl\ShortenUrl.csproj", "{2C087B2E-0B8F-4AB6-9BC6-73A8E62A0FA8}"
EndProject
Project("{FAE04EC0-301F-11D3-BF4B-00C04F79EFBC}") = "ShortenUrl.Application", "ShortenUrl.Application\ShortenUrl.Application.csproj", "{0F3AD848-9788-4D6E-93ED-7113B81B60CD}"
EndProject
Global
	GlobalSection(SolutionConfigurationPlatforms) = preSolution
		Debug|Any CPU = Debug|Any CPU
		Release|Any CPU = Release|Any CPU
	EndGlobalSection
	GlobalSection(ProjectConfigurationPlatforms) = postSolution
		{2C087B2E-0B8F-4AB6-9BC6-73A8E62A0FA8}.Debug|Any CPU.ActiveCfg = Debug|Any CPU
		{2C087B2E-0B8F-4AB6-9BC6-73A8E62A0FA8}.Debug|Any CPU.Build.0 = Debug|Any CPU
		{2C087B2E-0B8F-4AB6-9BC6-73A8E62A0FA8}.Release|Any CPU.ActiveCfg = Release|Any CPU
		{2C087B2E-0B8F-4AB6-9BC6-73A8E62A0FA8}.Release|Any CPU.Build.0 = Release|Any CPU
		{0F3AD848-9788-4D6E-93ED-7113B81B60CD}.Debug|Any CPU.ActiveCfg = Debug|Any CPU
		{0F3AD848-9788-4D6E-93ED-7113B81B60CD}.Debug|Any CPU.Build.0 = Debug|Any CPU
		{0F3AD848-9788-4D6E-93ED-7113B81B60CD}.Release|Any CPU.ActiveCfg = Release|Any CPU
		{0F3AD848-9788-4D6E-93ED-7113B81B60CD}.Release|Any CPU.Build.0 = Release|Any CPU
	EndGlobalSection
	GlobalSection(SolutionProperties) = preSolution
		HideSolutionNode = FALSE
	EndGlobalSection
EndGlobal
